// !$*UTF8*$!
{
	archiveVersion = 1;
	classes = {
	};
	objectVersion = 56;
	objects = {

/* Begin PBXBuildFile section */
		6401D85029EC7294004A84B2 /* CarsCardView.swift in Sources */ = {isa = PBXBuildFile; fileRef = 6401D84F29EC7294004A84B2 /* CarsCardView.swift */; };
		6456CDB829EC68D400BA710D /* CarsListView.swift in Sources */ = {isa = PBXBuildFile; fileRef = 6456CDB729EC68D400BA710D /* CarsListView.swift */; };
		648722F629EBC19000C346C9 /* TopCarsApp.swift in Sources */ = {isa = PBXBuildFile; fileRef = 648722F529EBC19000C346C9 /* TopCarsApp.swift */; };
		648722FA29EBC19100C346C9 /* Assets.xcassets in Resources */ = {isa = PBXBuildFile; fileRef = 648722F929EBC19100C346C9 /* Assets.xcassets */; };
		648722FD29EBC19100C346C9 /* Preview Assets.xcassets in Resources */ = {isa = PBXBuildFile; fileRef = 648722FC29EBC19100C346C9 /* Preview Assets.xcassets */; };
		6487230529EBC62D00C346C9 /* CarsAPI.swift in Sources */ = {isa = PBXBuildFile; fileRef = 6487230429EBC62D00C346C9 /* CarsAPI.swift */; };
		64B826D429EBCA1300A43997 /* Alamofire in Frameworks */ = {isa = PBXBuildFile; productRef = 64B826D329EBCA1300A43997 /* Alamofire */; };
		64B826D729EBCAE500A43997 /* Cars.swift in Sources */ = {isa = PBXBuildFile; fileRef = 64B826D629EBCAE500A43997 /* Cars.swift */; };
/* End PBXBuildFile section */

/* Begin PBXFileReference section */
		6401D84F29EC7294004A84B2 /* CarsCardView.swift */ = {isa = PBXFileReference; lastKnownFileType = sourcecode.swift; path = CarsCardView.swift; sourceTree = "<group>"; };
		6456CDB729EC68D400BA710D /* CarsListView.swift */ = {isa = PBXFileReference; lastKnownFileType = sourcecode.swift; path = CarsListView.swift; sourceTree = "<group>"; };
		648722F229EBC19000C346C9 /* TopCars.app */ = {isa = PBXFileReference; explicitFileType = wrapper.application; includeInIndex = 0; path = TopCars.app; sourceTree = BUILT_PRODUCTS_DIR; };
		648722F529EBC19000C346C9 /* TopCarsApp.swift */ = {isa = PBXFileReference; lastKnownFileType = sourcecode.swift; path = TopCarsApp.swift; sourceTree = "<group>"; };
		648722F929EBC19100C346C9 /* Assets.xcassets */ = {isa = PBXFileReference; lastKnownFileType = folder.assetcatalog; path = Assets.xcassets; sourceTree = "<group>"; };
		648722FC29EBC19100C346C9 /* Preview Assets.xcassets */ = {isa = PBXFileReference; lastKnownFileType = folder.assetcatalog; path = "Preview Assets.xcassets"; sourceTree = "<group>"; };
		6487230429EBC62D00C346C9 /* CarsAPI.swift */ = {isa = PBXFileReference; lastKnownFileType = sourcecode.swift; path = CarsAPI.swift; sourceTree = "<group>"; };
		64B826D629EBCAE500A43997 /* Cars.swift */ = {isa = PBXFileReference; lastKnownFileType = sourcecode.swift; path = Cars.swift; sourceTree = "<group>"; };
/* End PBXFileReference section */

/* Begin PBXFrameworksBuildPhase section */
		648722EF29EBC19000C346C9 /* Frameworks */ = {
			isa = PBXFrameworksBuildPhase;
			buildActionMask = 2147483647;
			files = (
				64B826D429EBCA1300A43997 /* Alamofire in Frameworks */,
			);
			runOnlyForDeploymentPostprocessing = 0;
		};
/* End PBXFrameworksBuildPhase section */

/* Begin PBXGroup section */
		6456CDB629EC68A800BA710D /* features */ = {
			isa = PBXGroup;
			children = (
				6456CDB729EC68D400BA710D /* CarsListView.swift */,
				6401D84F29EC7294004A84B2 /* CarsCardView.swift */,
			);
			path = features;
			sourceTree = "<group>";
		};
		648722E929EBC19000C346C9 = {
			isa = PBXGroup;
			children = (
				648722F429EBC19000C346C9 /* TopCars */,
				648722F329EBC19000C346C9 /* Products */,
			);
			sourceTree = "<group>";
		};
		648722F329EBC19000C346C9 /* Products */ = {
			isa = PBXGroup;
			children = (
				648722F229EBC19000C346C9 /* TopCars.app */,
			);
			name = Products;
			sourceTree = "<group>";
		};
		648722F429EBC19000C346C9 /* TopCars */ = {
			isa = PBXGroup;
			children = (
				6456CDB629EC68A800BA710D /* features */,
				64B826D529EBCAD500A43997 /* model */,
				6487230329EBC61400C346C9 /* API */,
				648722F529EBC19000C346C9 /* TopCarsApp.swift */,
				648722F929EBC19100C346C9 /* Assets.xcassets */,
				648722FB29EBC19100C346C9 /* Preview Content */,
			);
			path = TopCars;
			sourceTree = "<group>";
		};
		648722FB29EBC19100C346C9 /* Preview Content */ = {
			isa = PBXGroup;
			children = (
				648722FC29EBC19100C346C9 /* Preview Assets.xcassets */,
			);
			path = "Preview Content";
			sourceTree = "<group>";
		};
		6487230329EBC61400C346C9 /* API */ = {
			isa = PBXGroup;
			children = (
				6487230429EBC62D00C346C9 /* CarsAPI.swift */,
			);
			path = API;
			sourceTree = "<group>";
		};
		64B826D529EBCAD500A43997 /* model */ = {
			isa = PBXGroup;
			children = (
				64B826D629EBCAE500A43997 /* Cars.swift */,
			);
			path = model;
			sourceTree = "<group>";
		};
/* End PBXGroup section */

/* Begin PBXNativeTarget section */
		648722F129EBC19000C346C9 /* TopCars */ = {
			isa = PBXNativeTarget;
			buildConfigurationList = 6487230029EBC19100C346C9 /* Build configuration list for PBXNativeTarget "TopCars" */;
			buildPhases = (
				648722EE29EBC19000C346C9 /* Sources */,
				648722EF29EBC19000C346C9 /* Frameworks */,
				648722F029EBC19000C346C9 /* Resources */,
			);
			buildRules = (
			);
			dependencies = (
			);
			name = TopCars;
			packageProductDependencies = (
				64B826D329EBCA1300A43997 /* Alamofire */,
			);
			productName = TopCars;
			productReference = 648722F229EBC19000C346C9 /* TopCars.app */;
			productType = "com.apple.product-type.application";
		};
/* End PBXNativeTarget section */

/* Begin PBXProject section */
		648722EA29EBC19000C346C9 /* Project object */ = {
			isa = PBXProject;
			attributes = {
				BuildIndependentTargetsInParallel = 1;
				LastSwiftUpdateCheck = 1430;
				LastUpgradeCheck = 1430;
				TargetAttributes = {
					648722F129EBC19000C346C9 = {
						CreatedOnToolsVersion = 14.3;
					};
				};
			};
			buildConfigurationList = 648722ED29EBC19000C346C9 /* Build configuration list for PBXProject "TopCars" */;
			compatibilityVersion = "Xcode 14.0";
			developmentRegion = en;
			hasScannedForEncodings = 0;
			knownRegions = (
				en,
				Base,
			);
			mainGroup = 648722E929EBC19000C346C9;
			packageReferences = (
				64B826D229EBCA1300A43997 /* XCRemoteSwiftPackageReference "Alamofire" */,
			);
			productRefGroup = 648722F329EBC19000C346C9 /* Products */;
			projectDirPath = "";
			projectRoot = "";
			targets = (
				648722F129EBC19000C346C9 /* TopCars */,
			);
		};
/* End PBXProject section */

/* Begin PBXResourcesBuildPhase section */
		648722F029EBC19000C346C9 /* Resources */ = {
			isa = PBXResourcesBuildPhase;
			buildActionMask = 2147483647;
			files = (
				648722FD29EBC19100C346C9 /* Preview Assets.xcassets in Resources */,
				648722FA29EBC19100C346C9 /* Assets.xcassets in Resources */,
			);
			runOnlyForDeploymentPostprocessing = 0;
		};
/* End PBXResourcesBuildPhase section */

/* Begin PBXSourcesBuildPhase section */
		648722EE29EBC19000C346C9 /* Sources */ = {
			isa = PBXSourcesBuildPhase;
			buildActionMask = 2147483647;
			files = (
				6456CDB829EC68D400BA710D /* CarsListView.swift in Sources */,
				6401D85029EC7294004A84B2 /* CarsCardView.swift in Sources */,
				6487230529EBC62D00C346C9 /* CarsAPI.swift in Sources */,
				64B826D729EBCAE500A43997 /* Cars.swift in Sources */,
				648722F629EBC19000C346C9 /* TopCarsApp.swift in Sources */,
			);
			runOnlyForDeploymentPostprocessing = 0;
		};
/* End PBXSourcesBuildPhase section */

/* Begin XCBuildConfiguration section */
		648722FE29EBC19100C346C9 /* Debug */ = {
			isa = XCBuildConfiguration;
			buildSettings = {
				ALWAYS_SEARCH_USER_PATHS = NO;
				CLANG_ANALYZER_NONNULL = YES;
				CLANG_ANALYZER_NUMBER_OBJECT_CONVERSION = YES_AGGRESSIVE;
				CLANG_CXX_LANGUAGE_STANDARD = "gnu++20";
				CLANG_ENABLE_MODULES = YES;
				CLANG_ENABLE_OBJC_ARC = YES;
				CLANG_ENABLE_OBJC_WEAK = YES;
				CLANG_WARN_BLOCK_CAPTURE_AUTORELEASING = YES;
				CLANG_WARN_BOOL_CONVERSION = YES;
				CLANG_WARN_COMMA = YES;
				CLANG_WARN_CONSTANT_CONVERSION = YES;
				CLANG_WARN_DEPRECATED_OBJC_IMPLEMENTATIONS = YES;
				CLANG_WARN_DIRECT_OBJC_ISA_USAGE = YES_ERROR;
				CLANG_WARN_DOCUMENTATION_COMMENTS = YES;
				CLANG_WARN_EMPTY_BODY = YES;
				CLANG_WARN_ENUM_CONVERSION = YES;
				CLANG_WARN_INFINITE_RECURSION = YES;
				CLANG_WARN_INT_CONVERSION = YES;
				CLANG_WARN_NON_LITERAL_NULL_CONVERSION = YES;
				CLANG_WARN_OBJC_IMPLICIT_RETAIN_SELF = YES;
				CLANG_WARN_OBJC_LITERAL_CONVERSION = YES;
				CLANG_WARN_OBJC_ROOT_CLASS = YES_ERROR;
				CLANG_WARN_QUOTED_INCLUDE_IN_FRAMEWORK_HEADER = YES;
				CLANG_WARN_RANGE_LOOP_ANALYSIS = YES;
				CLANG_WARN_STRICT_PROTOTYPES = YES;
				CLANG_WARN_SUSPICIOUS_MOVE = YES;
				CLANG_WARN_UNGUARDED_AVAILABILITY = YES_AGGRESSIVE;
				CLANG_WARN_UNREACHABLE_CODE = YES;
				CLANG_WARN__DUPLICATE_METHOD_MATCH = YES;
				COPY_PHASE_STRIP = NO;
				DEBUG_INFORMATION_FORMAT = dwarf;
				ENABLE_STRICT_OBJC_MSGSEND = YES;
				ENABLE_TESTABILITY = YES;
				GCC_C_LANGUAGE_STANDARD = gnu11;
				GCC_DYNAMIC_NO_PIC = NO;
				GCC_NO_COMMON_BLOCKS = YES;
				GCC_OPTIMIZATION_LEVEL = 0;
				GCC_PREPROCESSOR_DEFINITIONS = (
					"DEBUG=1",
					"$(inherited)",
				);
				GCC_WARN_64_TO_32_BIT_CONVERSION = YES;
				GCC_WARN_ABOUT_RETURN_TYPE = YES_ERROR;
				GCC_WARN_UNDECLARED_SELECTOR = YES;
				GCC_WARN_UNINITIALIZED_AUTOS = YES_AGGRESSIVE;
				GCC_WARN_UNUSED_FUNCTION = YES;
				GCC_WARN_UNUSED_VARIABLE = YES;
				IPHONEOS_DEPLOYMENT_TARGET = 16.4;
				MTL_ENABLE_DEBUG_INFO = INCLUDE_SOURCE;
				MTL_FAST_MATH = YES;
				ONLY_ACTIVE_ARCH = YES;
				SDKROOT = iphoneos;
				SWIFT_ACTIVE_COMPILATION_CONDITIONS = DEBUG;
				SWIFT_OPTIMIZATION_LEVEL = "-Onone";
			};
			name = Debug;
		};
		648722FF29EBC19100C346C9 /* Release */ = {
			isa = XCBuildConfiguration;
			buildSettings = {
				ALWAYS_SEARCH_USER_PATHS = NO;
				CLANG_ANALYZER_NONNULL = YES;
				CLANG_ANALYZER_NUMBER_OBJECT_CONVERSION = YES_AGGRESSIVE;
				CLANG_CXX_LANGUAGE_STANDARD = "gnu++20";
				CLANG_ENABLE_MODULES = YES;
				CLANG_ENABLE_OBJC_ARC = YES;
				CLANG_ENABLE_OBJC_WEAK = YES;
				CLANG_WARN_BLOCK_CAPTURE_AUTORELEASING = YES;
				CLANG_WARN_BOOL_CONVERSION = YES;
				CLANG_WARN_COMMA = YES;
				CLANG_WARN_CONSTANT_CONVERSION = YES;
				CLANG_WARN_DEPRECATED_OBJC_IMPLEMENTATIONS = YES;
				CLANG_WARN_DIRECT_OBJC_ISA_USAGE = YES_ERROR;
				CLANG_WARN_DOCUMENTATION_COMMENTS = YES;
				CLANG_WARN_EMPTY_BODY = YES;
				CLANG_WARN_ENUM_CONVERSION = YES;
				CLANG_WARN_INFINITE_RECURSION = YES;
				CLANG_WARN_INT_CONVERSION = YES;
				CLANG_WARN_NON_LITERAL_NULL_CONVERSION = YES;
				CLANG_WARN_OBJC_IMPLICIT_RETAIN_SELF = YES;
				CLANG_WARN_OBJC_LITERAL_CONVERSION = YES;
				CLANG_WARN_OBJC_ROOT_CLASS = YES_ERROR;
				CLANG_WARN_QUOTED_INCLUDE_IN_FRAMEWORK_HEADER = YES;
				CLANG_WARN_RANGE_LOOP_ANALYSIS = YES;
				CLANG_WARN_STRICT_PROTOTYPES = YES;
				CLANG_WARN_SUSPICIOUS_MOVE = YES;
				CLANG_WARN_UNGUARDED_AVAILABILITY = YES_AGGRESSIVE;
				CLANG_WARN_UNREACHABLE_CODE = YES;
				CLANG_WARN__DUPLICATE_METHOD_MATCH = YES;
				COPY_PHASE_STRIP = NO;
				DEBUG_INFORMATION_FORMAT = "dwarf-with-dsym";
				ENABLE_NS_ASSERTIONS = NO;
				ENABLE_STRICT_OBJC_MSGSEND = YES;
				GCC_C_LANGUAGE_STANDARD = gnu11;
				GCC_NO_COMMON_BLOCKS = YES;
				GCC_WARN_64_TO_32_BIT_CONVERSION = YES;
				GCC_WARN_ABOUT_RETURN_TYPE = YES_ERROR;
				GCC_WARN_UNDECLARED_SELECTOR = YES;
				GCC_WARN_UNINITIALIZED_AUTOS = YES_AGGRESSIVE;
				GCC_WARN_UNUSED_FUNCTION = YES;
				GCC_WARN_UNUSED_VARIABLE = YES;
				IPHONEOS_DEPLOYMENT_TARGET = 16.4;
				MTL_ENABLE_DEBUG_INFO = NO;
				MTL_FAST_MATH = YES;
				SDKROOT = iphoneos;
				SWIFT_COMPILATION_MODE = wholemodule;
				SWIFT_OPTIMIZATION_LEVEL = "-O";
				VALIDATE_PRODUCT = YES;
			};
			name = Release;
		};
		6487230129EBC19100C346C9 /* Debug */ = {
			isa = XCBuildConfiguration;
			buildSettings = {
				ASSETCATALOG_COMPILER_APPICON_NAME = AppIcon;
				ASSETCATALOG_COMPILER_GLOBAL_ACCENT_COLOR_NAME = AccentColor;
				CODE_SIGN_STYLE = Automatic;
				CURRENT_PROJECT_VERSION = 1;
				DEVELOPMENT_ASSET_PATHS = "\"TopCars/Preview Content\"";
				DEVELOPMENT_TEAM = 2XUFV8QBCV;
				ENABLE_PREVIEWS = YES;
				GENERATE_INFOPLIST_FILE = YES;
				INFOPLIST_KEY_UIApplicationSceneManifest_Generation = YES;
				INFOPLIST_KEY_UIApplicationSupportsIndirectInputEvents = YES;
				INFOPLIST_KEY_UILaunchScreen_Generation = YES;
				INFOPLIST_KEY_UISupportedInterfaceOrientations_iPad = "UIInterfaceOrientationPortrait UIInterfaceOrientationPortraitUpsideDown UIInterfaceOrientationLandscapeLeft UIInterfaceOrientationLandscapeRight";
				INFOPLIST_KEY_UISupportedInterfaceOrientations_iPhone = "UIInterfaceOrientationPortrait UIInterfaceOrientationLandscapeLeft UIInterfaceOrientationLandscapeRight";
				LD_RUNPATH_SEARCH_PATHS = (
					"$(inherited)",
					"@executable_path/Frameworks",
				);
				MARKETING_VERSION = 1.0;
				PRODUCT_BUNDLE_IDENTIFIER = io.manuelduarte077.TopCars;
				PRODUCT_NAME = "$(TARGET_NAME)";
				SWIFT_EMIT_LOC_STRINGS = YES;
				SWIFT_VERSION = 5.0;
				TARGETED_DEVICE_FAMILY = "1,2";
			};
			name = Debug;
		};
		6487230229EBC19100C346C9 /* Release */ = {
			isa = XCBuildConfiguration;
			buildSettings = {
				ASSETCATALOG_COMPILER_APPICON_NAME = AppIcon;
				ASSETCATALOG_COMPILER_GLOBAL_ACCENT_COLOR_NAME = AccentColor;
				CODE_SIGN_STYLE = Automatic;
				CURRENT_PROJECT_VERSION = 1;
				DEVELOPMENT_ASSET_PATHS = "\"TopCars/Preview Content\"";
				DEVELOPMENT_TEAM = 2XUFV8QBCV;
				ENABLE_PREVIEWS = YES;
				GENERATE_INFOPLIST_FILE = YES;
				INFOPLIST_KEY_UIApplicationSceneManifest_Generation = YES;
				INFOPLIST_KEY_UIApplicationSupportsIndirectInputEvents = YES;
				INFOPLIST_KEY_UILaunchScreen_Generation = YES;
				INFOPLIST_KEY_UISupportedInterfaceOrientations_iPad = "UIInterfaceOrientationPortrait UIInterfaceOrientationPortraitUpsideDown UIInterfaceOrientationLandscapeLeft UIInterfaceOrientationLandscapeRight";
				INFOPLIST_KEY_UISupportedInterfaceOrientations_iPhone = "UIInterfaceOrientationPortrait UIInterfaceOrientationLandscapeLeft UIInterfaceOrientationLandscapeRight";
				LD_RUNPATH_SEARCH_PATHS = (
					"$(inherited)",
					"@executable_path/Frameworks",
				);
				MARKETING_VERSION = 1.0;
				PRODUCT_BUNDLE_IDENTIFIER = io.manuelduarte077.TopCars;
				PRODUCT_NAME = "$(TARGET_NAME)";
				SWIFT_EMIT_LOC_STRINGS = YES;
				SWIFT_VERSION = 5.0;
				TARGETED_DEVICE_FAMILY = "1,2";
			};
			name = Release;
		};
/* End XCBuildConfiguration section */

/* Begin XCConfigurationList section */
		648722ED29EBC19000C346C9 /* Build configuration list for PBXProject "TopCars" */ = {
			isa = XCConfigurationList;
			buildConfigurations = (
				648722FE29EBC19100C346C9 /* Debug */,
				648722FF29EBC19100C346C9 /* Release */,
			);
			defaultConfigurationIsVisible = 0;
			defaultConfigurationName = Release;
		};
		6487230029EBC19100C346C9 /* Build configuration list for PBXNativeTarget "TopCars" */ = {
			isa = XCConfigurationList;
			buildConfigurations = (
				6487230129EBC19100C346C9 /* Debug */,
				6487230229EBC19100C346C9 /* Release */,
			);
			defaultConfigurationIsVisible = 0;
			defaultConfigurationName = Release;
		};
/* End XCConfigurationList section */

/* Begin XCRemoteSwiftPackageReference section */
		64B826D229EBCA1300A43997 /* XCRemoteSwiftPackageReference "Alamofire" */ = {
			isa = XCRemoteSwiftPackageReference;
			repositoryURL = "https://github.com/Alamofire/Alamofire";
			requirement = {
				kind = upToNextMajorVersion;
				minimumVersion = 5.0.0;
			};
		};
/* End XCRemoteSwiftPackageReference section */

/* Begin XCSwiftPackageProductDependency section */
		64B826D329EBCA1300A43997 /* Alamofire */ = {
			isa = XCSwiftPackageProductDependency;
			package = 64B826D229EBCA1300A43997 /* XCRemoteSwiftPackageReference "Alamofire" */;
			productName = Alamofire;
		};
/* End XCSwiftPackageProductDependency section */
	};
	rootObject = 648722EA29EBC19000C346C9 /* Project object */;
}
