// !$*UTF8*$!
{
	archiveVersion = 1;
	classes = {
	};
	objectVersion = 56;
	objects = {

/* Begin PBXBuildFile section */
		C4801C832CA39D73002231D4 /* DragonBallAPIApp.swift in Sources */ = {isa = PBXBuildFile; fileRef = C4801C822CA39D73002231D4 /* DragonBallAPIApp.swift */; };
		C4801C852CA39D73002231D4 /* ContentView.swift in Sources */ = {isa = PBXBuildFile; fileRef = C4801C842CA39D73002231D4 /* ContentView.swift */; };
		C4801C872CA39D76002231D4 /* Assets.xcassets in Resources */ = {isa = PBXBuildFile; fileRef = C4801C862CA39D76002231D4 /* Assets.xcassets */; };
		C4801C8A2CA39D76002231D4 /* Preview Assets.xcassets in Resources */ = {isa = PBXBuildFile; fileRef = C4801C892CA39D76002231D4 /* Preview Assets.xcassets */; };
		C4801C942CA39D76002231D4 /* DragonBallAPITests.swift in Sources */ = {isa = PBXBuildFile; fileRef = C4801C932CA39D76002231D4 /* DragonBallAPITests.swift */; };
		C4801C9E2CA39D76002231D4 /* DragonBallAPIUITests.swift in Sources */ = {isa = PBXBuildFile; fileRef = C4801C9D2CA39D76002231D4 /* DragonBallAPIUITests.swift */; };
		C4801CA02CA39D76002231D4 /* DragonBallAPIUITestsLaunchTests.swift in Sources */ = {isa = PBXBuildFile; fileRef = C4801C9F2CA39D76002231D4 /* DragonBallAPIUITestsLaunchTests.swift */; };
		C4801CB22CA3A299002231D4 /* Character.swift in Sources */ = {isa = PBXBuildFile; fileRef = C4801CB12CA3A299002231D4 /* Character.swift */; };
		C4801CB42CA3A2F7002231D4 /* APIService.swift in Sources */ = {isa = PBXBuildFile; fileRef = C4801CB32CA3A2F7002231D4 /* APIService.swift */; };
		C4801CB62CA3A494002231D4 /* CharacterViewModel.swift in Sources */ = {isa = PBXBuildFile; fileRef = C4801CB52CA3A494002231D4 /* CharacterViewModel.swift */; };
		C4801CB82CA3A4DC002231D4 /* CharacterDetailView.swift in Sources */ = {isa = PBXBuildFile; fileRef = C4801CB72CA3A4DC002231D4 /* CharacterDetailView.swift */; };
		C4801CBA2CA3A5AB002231D4 /* CharacterResponse.swift in Sources */ = {isa = PBXBuildFile; fileRef = C4801CB92CA3A5AB002231D4 /* CharacterResponse.swift */; };
		C4801CBC2CA45D1E002231D4 /* Favorite.swift in Sources */ = {isa = PBXBuildFile; fileRef = C4801CBB2CA45D1E002231D4 /* Favorite.swift */; };
		C4801CBE2CA4616F002231D4 /* FavoriteViewModel.swift in Sources */ = {isa = PBXBuildFile; fileRef = C4801CBD2CA4616F002231D4 /* FavoriteViewModel.swift */; };
		C4801CC02CA4801E002231D4 /* SplashScreenView.swift in Sources */ = {isa = PBXBuildFile; fileRef = C4801CBF2CA4801E002231D4 /* SplashScreenView.swift */; };
		C4801CC22CA4870F002231D4 /* PlanetsView.swift in Sources */ = {isa = PBXBuildFile; fileRef = C4801CC12CA4870F002231D4 /* PlanetsView.swift */; };
		C4801CC42CA48747002231D4 /* CharactersView.swift in Sources */ = {isa = PBXBuildFile; fileRef = C4801CC32CA48747002231D4 /* CharactersView.swift */; };
		C4801CC62CA48A17002231D4 /* Planet.swift in Sources */ = {isa = PBXBuildFile; fileRef = C4801CC52CA48A17002231D4 /* Planet.swift */; };
		C4801CC82CA48A59002231D4 /* PlanetResponse.swift in Sources */ = {isa = PBXBuildFile; fileRef = C4801CC72CA48A59002231D4 /* PlanetResponse.swift */; };
		C4801CCA2CA48CFD002231D4 /* PlanetViewModel.swift in Sources */ = {isa = PBXBuildFile; fileRef = C4801CC92CA48CFD002231D4 /* PlanetViewModel.swift */; };
		C4801CCC2CA49050002231D4 /* PlanetsDetailView.swift in Sources */ = {isa = PBXBuildFile; fileRef = C4801CCB2CA49050002231D4 /* PlanetsDetailView.swift */; };
/* End PBXBuildFile section */

/* Begin PBXContainerItemProxy section */
		C4801C902CA39D76002231D4 /* PBXContainerItemProxy */ = {
			isa = PBXContainerItemProxy;
			containerPortal = C4801C772CA39D73002231D4 /* Project object */;
			proxyType = 1;
			remoteGlobalIDString = C4801C7E2CA39D73002231D4;
			remoteInfo = DragonBallAPI;
		};
		C4801C9A2CA39D76002231D4 /* PBXContainerItemProxy */ = {
			isa = PBXContainerItemProxy;
			containerPortal = C4801C772CA39D73002231D4 /* Project object */;
			proxyType = 1;
			remoteGlobalIDString = C4801C7E2CA39D73002231D4;
			remoteInfo = DragonBallAPI;
		};
/* End PBXContainerItemProxy section */

/* Begin PBXFileReference section */
		C4801C7F2CA39D73002231D4 /* DragonBallAPI.app */ = {isa = PBXFileReference; explicitFileType = wrapper.application; includeInIndex = 0; path = DragonBallAPI.app; sourceTree = BUILT_PRODUCTS_DIR; };
		C4801C822CA39D73002231D4 /* DragonBallAPIApp.swift */ = {isa = PBXFileReference; lastKnownFileType = sourcecode.swift; path = DragonBallAPIApp.swift; sourceTree = "<group>"; };
		C4801C842CA39D73002231D4 /* ContentView.swift */ = {isa = PBXFileReference; lastKnownFileType = sourcecode.swift; path = ContentView.swift; sourceTree = "<group>"; };
		C4801C862CA39D76002231D4 /* Assets.xcassets */ = {isa = PBXFileReference; lastKnownFileType = folder.assetcatalog; path = Assets.xcassets; sourceTree = "<group>"; };
		C4801C892CA39D76002231D4 /* Preview Assets.xcassets */ = {isa = PBXFileReference; lastKnownFileType = folder.assetcatalog; path = "Preview Assets.xcassets"; sourceTree = "<group>"; };
		C4801C8F2CA39D76002231D4 /* DragonBallAPITests.xctest */ = {isa = PBXFileReference; explicitFileType = wrapper.cfbundle; includeInIndex = 0; path = DragonBallAPITests.xctest; sourceTree = BUILT_PRODUCTS_DIR; };
		C4801C932CA39D76002231D4 /* DragonBallAPITests.swift */ = {isa = PBXFileReference; lastKnownFileType = sourcecode.swift; path = DragonBallAPITests.swift; sourceTree = "<group>"; };
		C4801C992CA39D76002231D4 /* DragonBallAPIUITests.xctest */ = {isa = PBXFileReference; explicitFileType = wrapper.cfbundle; includeInIndex = 0; path = DragonBallAPIUITests.xctest; sourceTree = BUILT_PRODUCTS_DIR; };
		C4801C9D2CA39D76002231D4 /* DragonBallAPIUITests.swift */ = {isa = PBXFileReference; lastKnownFileType = sourcecode.swift; path = DragonBallAPIUITests.swift; sourceTree = "<group>"; };
		C4801C9F2CA39D76002231D4 /* DragonBallAPIUITestsLaunchTests.swift */ = {isa = PBXFileReference; lastKnownFileType = sourcecode.swift; path = DragonBallAPIUITestsLaunchTests.swift; sourceTree = "<group>"; };
		C4801CB12CA3A299002231D4 /* Character.swift */ = {isa = PBXFileReference; lastKnownFileType = sourcecode.swift; path = Character.swift; sourceTree = "<group>"; };
		C4801CB32CA3A2F7002231D4 /* APIService.swift */ = {isa = PBXFileReference; lastKnownFileType = sourcecode.swift; path = APIService.swift; sourceTree = "<group>"; };
		C4801CB52CA3A494002231D4 /* CharacterViewModel.swift */ = {isa = PBXFileReference; lastKnownFileType = sourcecode.swift; path = CharacterViewModel.swift; sourceTree = "<group>"; };
		C4801CB72CA3A4DC002231D4 /* CharacterDetailView.swift */ = {isa = PBXFileReference; lastKnownFileType = sourcecode.swift; path = CharacterDetailView.swift; sourceTree = "<group>"; };
		C4801CB92CA3A5AB002231D4 /* CharacterResponse.swift */ = {isa = PBXFileReference; lastKnownFileType = sourcecode.swift; path = CharacterResponse.swift; sourceTree = "<group>"; };
		C4801CBB2CA45D1E002231D4 /* Favorite.swift */ = {isa = PBXFileReference; lastKnownFileType = sourcecode.swift; path = Favorite.swift; sourceTree = "<group>"; };
		C4801CBD2CA4616F002231D4 /* FavoriteViewModel.swift */ = {isa = PBXFileReference; lastKnownFileType = sourcecode.swift; path = FavoriteViewModel.swift; sourceTree = "<group>"; };
		C4801CBF2CA4801E002231D4 /* SplashScreenView.swift */ = {isa = PBXFileReference; lastKnownFileType = sourcecode.swift; path = SplashScreenView.swift; sourceTree = "<group>"; };
		C4801CC12CA4870F002231D4 /* PlanetsView.swift */ = {isa = PBXFileReference; lastKnownFileType = sourcecode.swift; path = PlanetsView.swift; sourceTree = "<group>"; };
		C4801CC32CA48747002231D4 /* CharactersView.swift */ = {isa = PBXFileReference; lastKnownFileType = sourcecode.swift; path = CharactersView.swift; sourceTree = "<group>"; };
		C4801CC52CA48A17002231D4 /* Planet.swift */ = {isa = PBXFileReference; lastKnownFileType = sourcecode.swift; path = Planet.swift; sourceTree = "<group>"; };
		C4801CC72CA48A59002231D4 /* PlanetResponse.swift */ = {isa = PBXFileReference; lastKnownFileType = sourcecode.swift; path = PlanetResponse.swift; sourceTree = "<group>"; };
		C4801CC92CA48CFD002231D4 /* PlanetViewModel.swift */ = {isa = PBXFileReference; lastKnownFileType = sourcecode.swift; path = PlanetViewModel.swift; sourceTree = "<group>"; };
		C4801CCB2CA49050002231D4 /* PlanetsDetailView.swift */ = {isa = PBXFileReference; lastKnownFileType = sourcecode.swift; path = PlanetsDetailView.swift; sourceTree = "<group>"; };
/* End PBXFileReference section */

/* Begin PBXFrameworksBuildPhase section */
		C4801C7C2CA39D73002231D4 /* Frameworks */ = {
			isa = PBXFrameworksBuildPhase;
			buildActionMask = 2147483647;
			files = (
			);
			runOnlyForDeploymentPostprocessing = 0;
		};
		C4801C8C2CA39D76002231D4 /* Frameworks */ = {
			isa = PBXFrameworksBuildPhase;
			buildActionMask = 2147483647;
			files = (
			);
			runOnlyForDeploymentPostprocessing = 0;
		};
		C4801C962CA39D76002231D4 /* Frameworks */ = {
			isa = PBXFrameworksBuildPhase;
			buildActionMask = 2147483647;
			files = (
			);
			runOnlyForDeploymentPostprocessing = 0;
		};
/* End PBXFrameworksBuildPhase section */

/* Begin PBXGroup section */
		C4801C762CA39D73002231D4 = {
			isa = PBXGroup;
			children = (
				C4801C812CA39D73002231D4 /* DragonBallAPI */,
				C4801C922CA39D76002231D4 /* DragonBallAPITests */,
				C4801C9C2CA39D76002231D4 /* DragonBallAPIUITests */,
				C4801C802CA39D73002231D4 /* Products */,
			);
			sourceTree = "<group>";
		};
		C4801C802CA39D73002231D4 /* Products */ = {
			isa = PBXGroup;
			children = (
				C4801C7F2CA39D73002231D4 /* DragonBallAPI.app */,
				C4801C8F2CA39D76002231D4 /* DragonBallAPITests.xctest */,
				C4801C992CA39D76002231D4 /* DragonBallAPIUITests.xctest */,
			);
			name = Products;
			sourceTree = "<group>";
		};
		C4801C812CA39D73002231D4 /* DragonBallAPI */ = {
			isa = PBXGroup;
			children = (
				C4801CB02CA3A270002231D4 /* Data */,
				C4801CAF2CA3A26A002231D4 /* Services */,
				C4801CAE2CA3A263002231D4 /* ViewModels */,
				C4801CAC2CA3A24E002231D4 /* Models */,
				C4801CAD2CA3A254002231D4 /* Views */,
				C4801C822CA39D73002231D4 /* DragonBallAPIApp.swift */,
				C4801C862CA39D76002231D4 /* Assets.xcassets */,
				C4801C882CA39D76002231D4 /* Preview Content */,
			);
			path = DragonBallAPI;
			sourceTree = "<group>";
		};
		C4801C882CA39D76002231D4 /* Preview Content */ = {
			isa = PBXGroup;
			children = (
				C4801C892CA39D76002231D4 /* Preview Assets.xcassets */,
			);
			path = "Preview Content";
			sourceTree = "<group>";
		};
		C4801C922CA39D76002231D4 /* DragonBallAPITests */ = {
			isa = PBXGroup;
			children = (
				C4801C932CA39D76002231D4 /* DragonBallAPITests.swift */,
			);
			path = DragonBallAPITests;
			sourceTree = "<group>";
		};
		C4801C9C2CA39D76002231D4 /* DragonBallAPIUITests */ = {
			isa = PBXGroup;
			children = (
				C4801C9D2CA39D76002231D4 /* DragonBallAPIUITests.swift */,
				C4801C9F2CA39D76002231D4 /* DragonBallAPIUITestsLaunchTests.swift */,
			);
			path = DragonBallAPIUITests;
			sourceTree = "<group>";
		};
		C4801CAC2CA3A24E002231D4 /* Models */ = {
			isa = PBXGroup;
			children = (
				C4801CB12CA3A299002231D4 /* Character.swift */,
				C4801CB92CA3A5AB002231D4 /* CharacterResponse.swift */,
				C4801CC52CA48A17002231D4 /* Planet.swift */,
				C4801CC72CA48A59002231D4 /* PlanetResponse.swift */,
			);
			path = Models;
			sourceTree = "<group>";
		};
		C4801CAD2CA3A254002231D4 /* Views */ = {
			isa = PBXGroup;
			children = (
				C4801C842CA39D73002231D4 /* ContentView.swift */,
				C4801CB72CA3A4DC002231D4 /* CharacterDetailView.swift */,
				C4801CBF2CA4801E002231D4 /* SplashScreenView.swift */,
				C4801CC12CA4870F002231D4 /* PlanetsView.swift */,
				C4801CC32CA48747002231D4 /* CharactersView.swift */,
				C4801CCB2CA49050002231D4 /* PlanetsDetailView.swift */,
			);
			path = Views;
			sourceTree = "<group>";
		};
		C4801CAE2CA3A263002231D4 /* ViewModels */ = {
			isa = PBXGroup;
			children = (
				C4801CB52CA3A494002231D4 /* CharacterViewModel.swift */,
				C4801CC92CA48CFD002231D4 /* PlanetViewModel.swift */,
			);
			path = ViewModels;
			sourceTree = "<group>";
		};
		C4801CAF2CA3A26A002231D4 /* Services */ = {
			isa = PBXGroup;
			children = (
				C4801CB32CA3A2F7002231D4 /* APIService.swift */,
			);
			path = Services;
			sourceTree = "<group>";
		};
		C4801CB02CA3A270002231D4 /* Data */ = {
			isa = PBXGroup;
			children = (
				C4801CBB2CA45D1E002231D4 /* Favorite.swift */,
				C4801CBD2CA4616F002231D4 /* FavoriteViewModel.swift */,
			);
			path = Data;
			sourceTree = "<group>";
		};
/* End PBXGroup section */

/* Begin PBXNativeTarget section */
		C4801C7E2CA39D73002231D4 /* DragonBallAPI */ = {
			isa = PBXNativeTarget;
			buildConfigurationList = C4801CA32CA39D76002231D4 /* Build configuration list for PBXNativeTarget "DragonBallAPI" */;
			buildPhases = (
				C4801C7B2CA39D73002231D4 /* Sources */,
				C4801C7C2CA39D73002231D4 /* Frameworks */,
				C4801C7D2CA39D73002231D4 /* Resources */,
			);
			buildRules = (
			);
			dependencies = (
			);
			name = DragonBallAPI;
			productName = DragonBallAPI;
			productReference = C4801C7F2CA39D73002231D4 /* DragonBallAPI.app */;
			productType = "com.apple.product-type.application";
		};
		C4801C8E2CA39D76002231D4 /* DragonBallAPITests */ = {
			isa = PBXNativeTarget;
			buildConfigurationList = C4801CA62CA39D77002231D4 /* Build configuration list for PBXNativeTarget "DragonBallAPITests" */;
			buildPhases = (
				C4801C8B2CA39D76002231D4 /* Sources */,
				C4801C8C2CA39D76002231D4 /* Frameworks */,
				C4801C8D2CA39D76002231D4 /* Resources */,
			);
			buildRules = (
			);
			dependencies = (
				C4801C912CA39D76002231D4 /* PBXTargetDependency */,
			);
			name = DragonBallAPITests;
			productName = DragonBallAPITests;
			productReference = C4801C8F2CA39D76002231D4 /* DragonBallAPITests.xctest */;
			productType = "com.apple.product-type.bundle.unit-test";
		};
		C4801C982CA39D76002231D4 /* DragonBallAPIUITests */ = {
			isa = PBXNativeTarget;
			buildConfigurationList = C4801CA92CA39D77002231D4 /* Build configuration list for PBXNativeTarget "DragonBallAPIUITests" */;
			buildPhases = (
				C4801C952CA39D76002231D4 /* Sources */,
				C4801C962CA39D76002231D4 /* Frameworks */,
				C4801C972CA39D76002231D4 /* Resources */,
			);
			buildRules = (
			);
			dependencies = (
				C4801C9B2CA39D76002231D4 /* PBXTargetDependency */,
			);
			name = DragonBallAPIUITests;
			productName = DragonBallAPIUITests;
			productReference = C4801C992CA39D76002231D4 /* DragonBallAPIUITests.xctest */;
			productType = "com.apple.product-type.bundle.ui-testing";
		};
/* End PBXNativeTarget section */

/* Begin PBXProject section */
		C4801C772CA39D73002231D4 /* Project object */ = {
			isa = PBXProject;
			attributes = {
				BuildIndependentTargetsInParallel = 1;
				LastSwiftUpdateCheck = 1540;
				LastUpgradeCheck = 1540;
				TargetAttributes = {
					C4801C7E2CA39D73002231D4 = {
						CreatedOnToolsVersion = 15.4;
					};
					C4801C8E2CA39D76002231D4 = {
						CreatedOnToolsVersion = 15.4;
						TestTargetID = C4801C7E2CA39D73002231D4;
					};
					C4801C982CA39D76002231D4 = {
						CreatedOnToolsVersion = 15.4;
						TestTargetID = C4801C7E2CA39D73002231D4;
					};
				};
			};
			buildConfigurationList = C4801C7A2CA39D73002231D4 /* Build configuration list for PBXProject "DragonBallAPI" */;
			compatibilityVersion = "Xcode 14.0";
			developmentRegion = en;
			hasScannedForEncodings = 0;
			knownRegions = (
				en,
				Base,
			);
			mainGroup = C4801C762CA39D73002231D4;
			productRefGroup = C4801C802CA39D73002231D4 /* Products */;
			projectDirPath = "";
			projectRoot = "";
			targets = (
				C4801C7E2CA39D73002231D4 /* DragonBallAPI */,
				C4801C8E2CA39D76002231D4 /* DragonBallAPITests */,
				C4801C982CA39D76002231D4 /* DragonBallAPIUITests */,
			);
		};
/* End PBXProject section */

/* Begin PBXResourcesBuildPhase section */
		C4801C7D2CA39D73002231D4 /* Resources */ = {
			isa = PBXResourcesBuildPhase;
			buildActionMask = 2147483647;
			files = (
				C4801C8A2CA39D76002231D4 /* Preview Assets.xcassets in Resources */,
				C4801C872CA39D76002231D4 /* Assets.xcassets in Resources */,
			);
			runOnlyForDeploymentPostprocessing = 0;
		};
		C4801C8D2CA39D76002231D4 /* Resources */ = {
			isa = PBXResourcesBuildPhase;
			buildActionMask = 2147483647;
			files = (
			);
			runOnlyForDeploymentPostprocessing = 0;
		};
		C4801C972CA39D76002231D4 /* Resources */ = {
			isa = PBXResourcesBuildPhase;
			buildActionMask = 2147483647;
			files = (
			);
			runOnlyForDeploymentPostprocessing = 0;
		};
/* End PBXResourcesBuildPhase section */

/* Begin PBXSourcesBuildPhase section */
		C4801C7B2CA39D73002231D4 /* Sources */ = {
			isa = PBXSourcesBuildPhase;
			buildActionMask = 2147483647;
			files = (
				C4801CBE2CA4616F002231D4 /* FavoriteViewModel.swift in Sources */,
				C4801CBA2CA3A5AB002231D4 /* CharacterResponse.swift in Sources */,
				C4801CC42CA48747002231D4 /* CharactersView.swift in Sources */,
				C4801CCA2CA48CFD002231D4 /* PlanetViewModel.swift in Sources */,
				C4801CB22CA3A299002231D4 /* Character.swift in Sources */,
				C4801CB62CA3A494002231D4 /* CharacterViewModel.swift in Sources */,
				C4801CC62CA48A17002231D4 /* Planet.swift in Sources */,
				C4801CCC2CA49050002231D4 /* PlanetsDetailView.swift in Sources */,
				C4801C852CA39D73002231D4 /* ContentView.swift in Sources */,
				C4801CC22CA4870F002231D4 /* PlanetsView.swift in Sources */,
				C4801CB82CA3A4DC002231D4 /* CharacterDetailView.swift in Sources */,
				C4801CB42CA3A2F7002231D4 /* APIService.swift in Sources */,
				C4801CC82CA48A59002231D4 /* PlanetResponse.swift in Sources */,
				C4801CC02CA4801E002231D4 /* SplashScreenView.swift in Sources */,
				C4801C832CA39D73002231D4 /* DragonBallAPIApp.swift in Sources */,
				C4801CBC2CA45D1E002231D4 /* Favorite.swift in Sources */,
			);
			runOnlyForDeploymentPostprocessing = 0;
		};
		C4801C8B2CA39D76002231D4 /* Sources */ = {
			isa = PBXSourcesBuildPhase;
			buildActionMask = 2147483647;
			files = (
				C4801C942CA39D76002231D4 /* DragonBallAPITests.swift in Sources */,
			);
			runOnlyForDeploymentPostprocessing = 0;
		};
		C4801C952CA39D76002231D4 /* Sources */ = {
			isa = PBXSourcesBuildPhase;
			buildActionMask = 2147483647;
			files = (
				C4801C9E2CA39D76002231D4 /* DragonBallAPIUITests.swift in Sources */,
				C4801CA02CA39D76002231D4 /* DragonBallAPIUITestsLaunchTests.swift in Sources */,
			);
			runOnlyForDeploymentPostprocessing = 0;
		};
/* End PBXSourcesBuildPhase section */

/* Begin PBXTargetDependency section */
		C4801C912CA39D76002231D4 /* PBXTargetDependency */ = {
			isa = PBXTargetDependency;
			target = C4801C7E2CA39D73002231D4 /* DragonBallAPI */;
			targetProxy = C4801C902CA39D76002231D4 /* PBXContainerItemProxy */;
		};
		C4801C9B2CA39D76002231D4 /* PBXTargetDependency */ = {
			isa = PBXTargetDependency;
			target = C4801C7E2CA39D73002231D4 /* DragonBallAPI */;
			targetProxy = C4801C9A2CA39D76002231D4 /* PBXContainerItemProxy */;
		};
/* End PBXTargetDependency section */

/* Begin XCBuildConfiguration section */
		C4801CA12CA39D76002231D4 /* Debug */ = {
			isa = XCBuildConfiguration;
			buildSettings = {
				ALWAYS_SEARCH_USER_PATHS = NO;
				ASSETCATALOG_COMPILER_GENERATE_SWIFT_ASSET_SYMBOL_EXTENSIONS = YES;
				CLANG_ANALYZER_NONNULL = YES;
				CLANG_ANALYZER_NUMBER_OBJECT_CONVERSION = YES_AGGRESSIVE;
				CLANG_CXX_LANGUAGE_STANDARD = "gnu++20";
				CLANG_ENABLE_MODULES = YES;
				CLANG_ENABLE_OBJC_ARC = YES;
				CLANG_ENABLE_OBJC_WEAK = YES;
				CLANG_WARN_BLOCK_CAPTURE_AUTORELEASING = YES;
				CLANG_WARN_BOOL_CONVERSION = YES;
				CLANG_WARN_COMMA = YES;
				CLANG_WARN_CONSTANT_CONVERSION = YES;
				CLANG_WARN_DEPRECATED_OBJC_IMPLEMENTATIONS = YES;
				CLANG_WARN_DIRECT_OBJC_ISA_USAGE = YES_ERROR;
				CLANG_WARN_DOCUMENTATION_COMMENTS = YES;
				CLANG_WARN_EMPTY_BODY = YES;
				CLANG_WARN_ENUM_CONVERSION = YES;
				CLANG_WARN_INFINITE_RECURSION = YES;
				CLANG_WARN_INT_CONVERSION = YES;
				CLANG_WARN_NON_LITERAL_NULL_CONVERSION = YES;
				CLANG_WARN_OBJC_IMPLICIT_RETAIN_SELF = YES;
				CLANG_WARN_OBJC_LITERAL_CONVERSION = YES;
				CLANG_WARN_OBJC_ROOT_CLASS = YES_ERROR;
				CLANG_WARN_QUOTED_INCLUDE_IN_FRAMEWORK_HEADER = YES;
				CLANG_WARN_RANGE_LOOP_ANALYSIS = YES;
				CLANG_WARN_STRICT_PROTOTYPES = YES;
				CLANG_WARN_SUSPICIOUS_MOVE = YES;
				CLANG_WARN_UNGUARDED_AVAILABILITY = YES_AGGRESSIVE;
				CLANG_WARN_UNREACHABLE_CODE = YES;
				CLANG_WARN__DUPLICATE_METHOD_MATCH = YES;
				COPY_PHASE_STRIP = NO;
				DEBUG_INFORMATION_FORMAT = dwarf;
				ENABLE_STRICT_OBJC_MSGSEND = YES;
				ENABLE_TESTABILITY = YES;
				ENABLE_USER_SCRIPT_SANDBOXING = YES;
				GCC_C_LANGUAGE_STANDARD = gnu17;
				GCC_DYNAMIC_NO_PIC = NO;
				GCC_NO_COMMON_BLOCKS = YES;
				GCC_OPTIMIZATION_LEVEL = 0;
				GCC_PREPROCESSOR_DEFINITIONS = (
					"DEBUG=1",
					"$(inherited)",
				);
				GCC_WARN_64_TO_32_BIT_CONVERSION = YES;
				GCC_WARN_ABOUT_RETURN_TYPE = YES_ERROR;
				GCC_WARN_UNDECLARED_SELECTOR = YES;
				GCC_WARN_UNINITIALIZED_AUTOS = YES_AGGRESSIVE;
				GCC_WARN_UNUSED_FUNCTION = YES;
				GCC_WARN_UNUSED_VARIABLE = YES;
				IPHONEOS_DEPLOYMENT_TARGET = 17.5;
				LOCALIZATION_PREFERS_STRING_CATALOGS = YES;
				MTL_ENABLE_DEBUG_INFO = INCLUDE_SOURCE;
				MTL_FAST_MATH = YES;
				ONLY_ACTIVE_ARCH = YES;
				SDKROOT = iphoneos;
				SWIFT_ACTIVE_COMPILATION_CONDITIONS = "DEBUG $(inherited)";
				SWIFT_OPTIMIZATION_LEVEL = "-Onone";
			};
			name = Debug;
		};
		C4801CA22CA39D76002231D4 /* Release */ = {
			isa = XCBuildConfiguration;
			buildSettings = {
				ALWAYS_SEARCH_USER_PATHS = NO;
				ASSETCATALOG_COMPILER_GENERATE_SWIFT_ASSET_SYMBOL_EXTENSIONS = YES;
				CLANG_ANALYZER_NONNULL = YES;
				CLANG_ANALYZER_NUMBER_OBJECT_CONVERSION = YES_AGGRESSIVE;
				CLANG_CXX_LANGUAGE_STANDARD = "gnu++20";
				CLANG_ENABLE_MODULES = YES;
				CLANG_ENABLE_OBJC_ARC = YES;
				CLANG_ENABLE_OBJC_WEAK = YES;
				CLANG_WARN_BLOCK_CAPTURE_AUTORELEASING = YES;
				CLANG_WARN_BOOL_CONVERSION = YES;
				CLANG_WARN_COMMA = YES;
				CLANG_WARN_CONSTANT_CONVERSION = YES;
				CLANG_WARN_DEPRECATED_OBJC_IMPLEMENTATIONS = YES;
				CLANG_WARN_DIRECT_OBJC_ISA_USAGE = YES_ERROR;
				CLANG_WARN_DOCUMENTATION_COMMENTS = YES;
				CLANG_WARN_EMPTY_BODY = YES;
				CLANG_WARN_ENUM_CONVERSION = YES;
				CLANG_WARN_INFINITE_RECURSION = YES;
				CLANG_WARN_INT_CONVERSION = YES;
				CLANG_WARN_NON_LITERAL_NULL_CONVERSION = YES;
				CLANG_WARN_OBJC_IMPLICIT_RETAIN_SELF = YES;
				CLANG_WARN_OBJC_LITERAL_CONVERSION = YES;
				CLANG_WARN_OBJC_ROOT_CLASS = YES_ERROR;
				CLANG_WARN_QUOTED_INCLUDE_IN_FRAMEWORK_HEADER = YES;
				CLANG_WARN_RANGE_LOOP_ANALYSIS = YES;
				CLANG_WARN_STRICT_PROTOTYPES = YES;
				CLANG_WARN_SUSPICIOUS_MOVE = YES;
				CLANG_WARN_UNGUARDED_AVAILABILITY = YES_AGGRESSIVE;
				CLANG_WARN_UNREACHABLE_CODE = YES;
				CLANG_WARN__DUPLICATE_METHOD_MATCH = YES;
				COPY_PHASE_STRIP = NO;
				DEBUG_INFORMATION_FORMAT = "dwarf-with-dsym";
				ENABLE_NS_ASSERTIONS = NO;
				ENABLE_STRICT_OBJC_MSGSEND = YES;
				ENABLE_USER_SCRIPT_SANDBOXING = YES;
				GCC_C_LANGUAGE_STANDARD = gnu17;
				GCC_NO_COMMON_BLOCKS = YES;
				GCC_WARN_64_TO_32_BIT_CONVERSION = YES;
				GCC_WARN_ABOUT_RETURN_TYPE = YES_ERROR;
				GCC_WARN_UNDECLARED_SELECTOR = YES;
				GCC_WARN_UNINITIALIZED_AUTOS = YES_AGGRESSIVE;
				GCC_WARN_UNUSED_FUNCTION = YES;
				GCC_WARN_UNUSED_VARIABLE = YES;
				IPHONEOS_DEPLOYMENT_TARGET = 17.5;
				LOCALIZATION_PREFERS_STRING_CATALOGS = YES;
				MTL_ENABLE_DEBUG_INFO = NO;
				MTL_FAST_MATH = YES;
				SDKROOT = iphoneos;
				SWIFT_COMPILATION_MODE = wholemodule;
				VALIDATE_PRODUCT = YES;
			};
			name = Release;
		};
		C4801CA42CA39D76002231D4 /* Debug */ = {
			isa = XCBuildConfiguration;
			buildSettings = {
				ASSETCATALOG_COMPILER_APPICON_NAME = AppIcon;
				ASSETCATALOG_COMPILER_GLOBAL_ACCENT_COLOR_NAME = AccentColor;
				CODE_SIGN_STYLE = Automatic;
				CURRENT_PROJECT_VERSION = 1;
				DEVELOPMENT_ASSET_PATHS = "\"DragonBallAPI/Preview Content\"";
				DEVELOPMENT_TEAM = 2XUFV8QBCV;
				ENABLE_PREVIEWS = YES;
				GENERATE_INFOPLIST_FILE = YES;
				INFOPLIST_KEY_CFBundleDisplayName = "Dragon Ball ";
				INFOPLIST_KEY_UIApplicationSceneManifest_Generation = YES;
				INFOPLIST_KEY_UIApplicationSupportsIndirectInputEvents = YES;
				INFOPLIST_KEY_UILaunchScreen_Generation = YES;
				INFOPLIST_KEY_UISupportedInterfaceOrientations_iPad = "UIInterfaceOrientationPortrait UIInterfaceOrientationPortraitUpsideDown UIInterfaceOrientationLandscapeLeft UIInterfaceOrientationLandscapeRight";
				INFOPLIST_KEY_UISupportedInterfaceOrientations_iPhone = "UIInterfaceOrientationPortrait UIInterfaceOrientationLandscapeLeft UIInterfaceOrientationLandscapeRight";
				LD_RUNPATH_SEARCH_PATHS = (
					"$(inherited)",
					"@executable_path/Frameworks",
				);
				MARKETING_VERSION = 1.0;
				PRODUCT_BUNDLE_IDENTIFIER = dev.donmanuel.DragonBallAPI;
				PRODUCT_NAME = "$(TARGET_NAME)";
				SUPPORTED_PLATFORMS = "iphoneos iphonesimulator";
				SUPPORTS_MACCATALYST = NO;
				SUPPORTS_MAC_DESIGNED_FOR_IPHONE_IPAD = NO;
				SUPPORTS_XR_DESIGNED_FOR_IPHONE_IPAD = NO;
				SWIFT_EMIT_LOC_STRINGS = YES;
				SWIFT_VERSION = 5.0;
				TARGETED_DEVICE_FAMILY = "1,2";
			};
			name = Debug;
		};
		C4801CA52CA39D76002231D4 /* Release */ = {
			isa = XCBuildConfiguration;
			buildSettings = {
				ASSETCATALOG_COMPILER_APPICON_NAME = AppIcon;
				ASSETCATALOG_COMPILER_GLOBAL_ACCENT_COLOR_NAME = AccentColor;
				CODE_SIGN_STYLE = Automatic;
				CURRENT_PROJECT_VERSION = 1;
				DEVELOPMENT_ASSET_PATHS = "\"DragonBallAPI/Preview Content\"";
				DEVELOPMENT_TEAM = 2XUFV8QBCV;
				ENABLE_PREVIEWS = YES;
				GENERATE_INFOPLIST_FILE = YES;
				INFOPLIST_KEY_CFBundleDisplayName = "Dragon Ball ";
				INFOPLIST_KEY_UIApplicationSceneManifest_Generation = YES;
				INFOPLIST_KEY_UIApplicationSupportsIndirectInputEvents = YES;
				INFOPLIST_KEY_UILaunchScreen_Generation = YES;
				INFOPLIST_KEY_UISupportedInterfaceOrientations_iPad = "UIInterfaceOrientationPortrait UIInterfaceOrientationPortraitUpsideDown UIInterfaceOrientationLandscapeLeft UIInterfaceOrientationLandscapeRight";
				INFOPLIST_KEY_UISupportedInterfaceOrientations_iPhone = "UIInterfaceOrientationPortrait UIInterfaceOrientationLandscapeLeft UIInterfaceOrientationLandscapeRight";
				LD_RUNPATH_SEARCH_PATHS = (
					"$(inherited)",
					"@executable_path/Frameworks",
				);
				MARKETING_VERSION = 1.0;
				PRODUCT_BUNDLE_IDENTIFIER = dev.donmanuel.DragonBallAPI;
				PRODUCT_NAME = "$(TARGET_NAME)";
				SUPPORTED_PLATFORMS = "iphoneos iphonesimulator";
				SUPPORTS_MACCATALYST = NO;
				SUPPORTS_MAC_DESIGNED_FOR_IPHONE_IPAD = NO;
				SUPPORTS_XR_DESIGNED_FOR_IPHONE_IPAD = NO;
				SWIFT_EMIT_LOC_STRINGS = YES;
				SWIFT_VERSION = 5.0;
				TARGETED_DEVICE_FAMILY = "1,2";
			};
			name = Release;
		};
		C4801CA72CA39D77002231D4 /* Debug */ = {
			isa = XCBuildConfiguration;
			buildSettings = {
				ALWAYS_EMBED_SWIFT_STANDARD_LIBRARIES = YES;
				BUNDLE_LOADER = "$(TEST_HOST)";
				CODE_SIGN_STYLE = Automatic;
				CURRENT_PROJECT_VERSION = 1;
				DEVELOPMENT_TEAM = 2XUFV8QBCV;
				GENERATE_INFOPLIST_FILE = YES;
				IPHONEOS_DEPLOYMENT_TARGET = 17.5;
				MARKETING_VERSION = 1.0;
				PRODUCT_BUNDLE_IDENTIFIER = dev.donmanuel.DragonBallAPITests;
				PRODUCT_NAME = "$(TARGET_NAME)";
				SWIFT_EMIT_LOC_STRINGS = NO;
				SWIFT_VERSION = 5.0;
				TARGETED_DEVICE_FAMILY = "1,2";
				TEST_HOST = "$(BUILT_PRODUCTS_DIR)/DragonBallAPI.app/$(BUNDLE_EXECUTABLE_FOLDER_PATH)/DragonBallAPI";
			};
			name = Debug;
		};
		C4801CA82CA39D77002231D4 /* Release */ = {
			isa = XCBuildConfiguration;
			buildSettings = {
				ALWAYS_EMBED_SWIFT_STANDARD_LIBRARIES = YES;
				BUNDLE_LOADER = "$(TEST_HOST)";
				CODE_SIGN_STYLE = Automatic;
				CURRENT_PROJECT_VERSION = 1;
				DEVELOPMENT_TEAM = 2XUFV8QBCV;
				GENERATE_INFOPLIST_FILE = YES;
				IPHONEOS_DEPLOYMENT_TARGET = 17.5;
				MARKETING_VERSION = 1.0;
				PRODUCT_BUNDLE_IDENTIFIER = dev.donmanuel.DragonBallAPITests;
				PRODUCT_NAME = "$(TARGET_NAME)";
				SWIFT_EMIT_LOC_STRINGS = NO;
				SWIFT_VERSION = 5.0;
				TARGETED_DEVICE_FAMILY = "1,2";
				TEST_HOST = "$(BUILT_PRODUCTS_DIR)/DragonBallAPI.app/$(BUNDLE_EXECUTABLE_FOLDER_PATH)/DragonBallAPI";
			};
			name = Release;
		};
		C4801CAA2CA39D77002231D4 /* Debug */ = {
			isa = XCBuildConfiguration;
			buildSettings = {
				ALWAYS_EMBED_SWIFT_STANDARD_LIBRARIES = YES;
				CODE_SIGN_STYLE = Automatic;
				CURRENT_PROJECT_VERSION = 1;
				DEVELOPMENT_TEAM = 2XUFV8QBCV;
				GENERATE_INFOPLIST_FILE = YES;
				MARKETING_VERSION = 1.0;
				PRODUCT_BUNDLE_IDENTIFIER = dev.donmanuel.DragonBallAPIUITests;
				PRODUCT_NAME = "$(TARGET_NAME)";
				SWIFT_EMIT_LOC_STRINGS = NO;
				SWIFT_VERSION = 5.0;
				TARGETED_DEVICE_FAMILY = "1,2";
				TEST_TARGET_NAME = DragonBallAPI;
			};
			name = Debug;
		};
		C4801CAB2CA39D77002231D4 /* Release */ = {
			isa = XCBuildConfiguration;
			buildSettings = {
				ALWAYS_EMBED_SWIFT_STANDARD_LIBRARIES = YES;
				CODE_SIGN_STYLE = Automatic;
				CURRENT_PROJECT_VERSION = 1;
				DEVELOPMENT_TEAM = 2XUFV8QBCV;
				GENERATE_INFOPLIST_FILE = YES;
				MARKETING_VERSION = 1.0;
				PRODUCT_BUNDLE_IDENTIFIER = dev.donmanuel.DragonBallAPIUITests;
				PRODUCT_NAME = "$(TARGET_NAME)";
				SWIFT_EMIT_LOC_STRINGS = NO;
				SWIFT_VERSION = 5.0;
				TARGETED_DEVICE_FAMILY = "1,2";
				TEST_TARGET_NAME = DragonBallAPI;
			};
			name = Release;
		};
/* End XCBuildConfiguration section */

/* Begin XCConfigurationList section */
		C4801C7A2CA39D73002231D4 /* Build configuration list for PBXProject "DragonBallAPI" */ = {
			isa = XCConfigurationList;
			buildConfigurations = (
				C4801CA12CA39D76002231D4 /* Debug */,
				C4801CA22CA39D76002231D4 /* Release */,
			);
			defaultConfigurationIsVisible = 0;
			defaultConfigurationName = Release;
		};
		C4801CA32CA39D76002231D4 /* Build configuration list for PBXNativeTarget "DragonBallAPI" */ = {
			isa = XCConfigurationList;
			buildConfigurations = (
				C4801CA42CA39D76002231D4 /* Debug */,
				C4801CA52CA39D76002231D4 /* Release */,
			);
			defaultConfigurationIsVisible = 0;
			defaultConfigurationName = Release;
		};
		C4801CA62CA39D77002231D4 /* Build configuration list for PBXNativeTarget "DragonBallAPITests" */ = {
			isa = XCConfigurationList;
			buildConfigurations = (
				C4801CA72CA39D77002231D4 /* Debug */,
				C4801CA82CA39D77002231D4 /* Release */,
			);
			defaultConfigurationIsVisible = 0;
			defaultConfigurationName = Release;
		};
		C4801CA92CA39D77002231D4 /* Build configuration list for PBXNativeTarget "DragonBallAPIUITests" */ = {
			isa = XCConfigurationList;
			buildConfigurations = (
				C4801CAA2CA39D77002231D4 /* Debug */,
				C4801CAB2CA39D77002231D4 /* Release */,
			);
			defaultConfigurationIsVisible = 0;
			defaultConfigurationName = Release;
		};
/* End XCConfigurationList section */
	};
	rootObject = C4801C772CA39D73002231D4 /* Project object */;
}
